
Microsoft Visual Studio Solution File, Format Version 12.00
# Visual Studio 2013
VisualStudioVersion = 12.0.31101.0
MinimumVisualStudioVersion = 10.0.40219.1
Project("{2150E333-8FDC-42A3-9474-1A3956D46DE8}") = "Solution Items", "Solution Items", "{DDEA8F59-EB10-487C-A3DB-63B117D49E37}"
	ProjectSection(SolutionItems) = preProject
		nuget.config = nuget.config
	EndProjectSection
EndProject
Project("{FAE04EC0-301F-11D3-BF4B-00C04F79EFBC}") = "FluentBloomberg", "FluentBloomberg\FluentBloomberg.csproj", "{7311FCBA-DA14-4265-AB84-DEB27B1EAEA3}"
EndProject
Project("{FAE04EC0-301F-11D3-BF4B-00C04F79EFBC}") = "BloombergApi", "BloombergApi\BloombergApi.csproj", "{626936F3-D597-4B9A-BBAA-5CA9C836C337}"
EndProject
Project("{FAE04EC0-301F-11D3-BF4B-00C04F79EFBC}") = "BloombergAPI.Tests", "BloombergAPI.Tests\BloombergAPI.Tests.csproj", "{0D505F64-A3AB-4A1B-8912-E55734142912}"
EndProject
Project("{FAE04EC0-301F-11D3-BF4B-00C04F79EFBC}") = "FluentBloomberg.Tests", "FluentBloomberg.Tests\FluentBloomberg.Tests.csproj", "{9CFD122D-72D5-48C8-B272-F126A6373452}"
EndProject
Global
	GlobalSection(SolutionConfigurationPlatforms) = preSolution
		Debug|Any CPU = Debug|Any CPU
		Release|Any CPU = Release|Any CPU
	EndGlobalSection
	GlobalSection(ProjectConfigurationPlatforms) = postSolution
		{7311FCBA-DA14-4265-AB84-DEB27B1EAEA3}.Debug|Any CPU.ActiveCfg = Debug|Any CPU
		{7311FCBA-DA14-4265-AB84-DEB27B1EAEA3}.Debug|Any CPU.Build.0 = Debug|Any CPU
		{7311FCBA-DA14-4265-AB84-DEB27B1EAEA3}.Release|Any CPU.ActiveCfg = Release|Any CPU
		{7311FCBA-DA14-4265-AB84-DEB27B1EAEA3}.Release|Any CPU.Build.0 = Release|Any CPU
		{626936F3-D597-4B9A-BBAA-5CA9C836C337}.Debug|Any CPU.ActiveCfg = Debug|Any CPU
		{626936F3-D597-4B9A-BBAA-5CA9C836C337}.Debug|Any CPU.Build.0 = Debug|Any CPU
		{626936F3-D597-4B9A-BBAA-5CA9C836C337}.Release|Any CPU.ActiveCfg = Release|Any CPU
		{626936F3-D597-4B9A-BBAA-5CA9C836C337}.Release|Any CPU.Build.0 = Release|Any CPU
		{0D505F64-A3AB-4A1B-8912-E55734142912}.Debug|Any CPU.ActiveCfg = Debug|Any CPU
		{0D505F64-A3AB-4A1B-8912-E55734142912}.Debug|Any CPU.Build.0 = Debug|Any CPU
		{0D505F64-A3AB-4A1B-8912-E55734142912}.Release|Any CPU.ActiveCfg = Release|Any CPU
		{0D505F64-A3AB-4A1B-8912-E55734142912}.Release|Any CPU.Build.0 = Release|Any CPU
		{9CFD122D-72D5-48C8-B272-F126A6373452}.Debug|Any CPU.ActiveCfg = Debug|Any CPU
		{9CFD122D-72D5-48C8-B272-F126A6373452}.Debug|Any CPU.Build.0 = Debug|Any CPU
		{9CFD122D-72D5-48C8-B272-F126A6373452}.Release|Any CPU.ActiveCfg = Release|Any CPU
		{9CFD122D-72D5-48C8-B272-F126A6373452}.Release|Any CPU.Build.0 = Release|Any CPU
	EndGlobalSection
	GlobalSection(SolutionProperties) = preSolution
		HideSolutionNode = FALSE
	EndGlobalSection
EndGlobal
